{
  "name": "Mineurs",
  "lockfileVersion": 3,
  "requires": true,
  "packages": {
    "": {
      "dependencies": {
        "quill-upload": "^0.0.9"
      }
    },
    "node_modules/quill-upload": {
      "version": "0.0.9",
      "resolved": "https://registry.npmjs.org/quill-upload/-/quill-upload-0.0.9.tgz",
      "integrity": "sha512-p+8cS0chbK5NZw4yZ9VtFmEmjsR8Zc4ub03Y+Xf8v5T8ALsOZroo0gdUQcNw4/Poi34PTlnDC4CgIikt6u4T4A=="
    }
  }
}
